
Microsoft Visual Studio Solution File, Format Version 12.00
# Visual Studio 15
VisualStudioVersion = 15.0.28307.271
MinimumVisualStudioVersion = 10.0.40219.1
Project("{8BC9CEB8-8B4A-11D0-8D11-00A0C91BC942}") = "MediumSource", "MediumSource\MediumSource.vcxproj", "{5494FFDA-3BA0-4C2C-AA07-638F3EEAF957}"
EndProject
Global
	GlobalSection(SolutionConfigurationPlatforms) = preSolution
		Debug|x64 = Debug|x64
		Debug|x86 = Debug|x86
		Release|x64 = Release|x64
		Release|x86 = Release|x86
	EndGlobalSection
	GlobalSection(ProjectConfigurationPlatforms) = postSolution
		{5494FFDA-3BA0-4C2C-AA07-638F3EEAF957}.Debug|x64.ActiveCfg = Debug|x64
		{5494FFDA-3BA0-4C2C-AA07-638F3EEAF957}.Debug|x64.Build.0 = Debug|x64
		{5494FFDA-3BA0-4C2C-AA07-638F3EEAF957}.Debug|x86.ActiveCfg = Debug|Win32
		{5494FFDA-3BA0-4C2C-AA07-638F3EEAF957}.Debug|x86.Build.0 = Debug|Win32
		{5494FFDA-3BA0-4C2C-AA07-638F3EEAF957}.Release|x64.ActiveCfg = Release|x64
		{5494FFDA-3BA0-4C2C-AA07-638F3EEAF957}.Release|x64.Build.0 = Release|x64
		{5494FFDA-3BA0-4C2C-AA07-638F3EEAF957}.Release|x86.ActiveCfg = Release|Win32
		{5494FFDA-3BA0-4C2C-AA07-638F3EEAF957}.Release|x86.Build.0 = Release|Win32
	EndGlobalSection
	GlobalSection(SolutionProperties) = preSolution
		HideSolutionNode = FALSE
	EndGlobalSection
	GlobalSection(ExtensibilityGlobals) = postSolution
		SolutionGuid = {3951F4C6-6D5C-456F-95D5-E3BC85BDFFE5}
	EndGlobalSection
EndGlobal
